
Microsoft Visual Studio Solution File, Format Version 12.00
# Visual Studio Version 16
VisualStudioVersion = 16.0.30611.23
MinimumVisualStudioVersion = 10.0.40219.1
Project("{FAE04EC0-301F-11D3-BF4B-00C04F79EFBC}") = "IFC_GS_startApp", "IFC_GS_startApp.csproj", "{63AE30D1-4D41-4AA6-B029-18E1F7B543E3}"
EndProject
Global
	GlobalSection(SolutionConfigurationPlatforms) = preSolution
		Debug|Any CPU = Debug|Any CPU
		Release|Any CPU = Release|Any CPU
	EndGlobalSection
	GlobalSection(ProjectConfigurationPlatforms) = postSolution
		{63AE30D1-4D41-4AA6-B029-18E1F7B543E3}.Debug|Any CPU.ActiveCfg = Debug|Any CPU
		{63AE30D1-4D41-4AA6-B029-18E1F7B543E3}.Debug|Any CPU.Build.0 = Debug|Any CPU
		{63AE30D1-4D41-4AA6-B029-18E1F7B543E3}.Release|Any CPU.ActiveCfg = Release|Any CPU
		{63AE30D1-4D41-4AA6-B029-18E1F7B543E3}.Release|Any CPU.Build.0 = Release|Any CPU
	EndGlobalSection
	GlobalSection(SolutionProperties) = preSolution
		HideSolutionNode = FALSE
	EndGlobalSection
	GlobalSection(ExtensibilityGlobals) = postSolution
		SolutionGuid = {AB8C3AAA-C07A-42E8-B9E3-ECC933CC34A6}
	EndGlobalSection
EndGlobal
